
Microsoft Visual Studio Solution File, Format Version 12.00
# Visual Studio 15
VisualStudioVersion = 15.0.27703.2026
MinimumVisualStudioVersion = 10.0.40219.1
Project("{FAE04EC0-301F-11D3-BF4B-00C04F79EFBC}") = "GUI eksamen - Opgave 1", "GUI eksamen - Opgave 1\GUI eksamen - Opgave 1.csproj", "{CE7736FF-6654-4EF1-BDC6-BF6ECEF31302}"
EndProject
Global
	GlobalSection(SolutionConfigurationPlatforms) = preSolution
		Debug|Any CPU = Debug|Any CPU
		Release|Any CPU = Release|Any CPU
	EndGlobalSection
	GlobalSection(ProjectConfigurationPlatforms) = postSolution
		{CE7736FF-6654-4EF1-BDC6-BF6ECEF31302}.Debug|Any CPU.ActiveCfg = Debug|Any CPU
		{CE7736FF-6654-4EF1-BDC6-BF6ECEF31302}.Debug|Any CPU.Build.0 = Debug|Any CPU
		{CE7736FF-6654-4EF1-BDC6-BF6ECEF31302}.Release|Any CPU.ActiveCfg = Release|Any CPU
		{CE7736FF-6654-4EF1-BDC6-BF6ECEF31302}.Release|Any CPU.Build.0 = Release|Any CPU
	EndGlobalSection
	GlobalSection(SolutionProperties) = preSolution
		HideSolutionNode = FALSE
	EndGlobalSection
	GlobalSection(ExtensibilityGlobals) = postSolution
		SolutionGuid = {07F8C7A4-CD58-413C-97B4-7E0258402343}
	EndGlobalSection
EndGlobal
